// !$*UTF8*$!
{
	archiveVersion = 1;
	classes = {
	};
	objectVersion = 45;
	objects = {

/* Begin PBXBuildFile section */
		8D0C4E8D0486CD37000505A6 /* InfoPlist.strings in Resources */ = {isa = PBXBuildFile; fileRef = 0867D6AAFE840B52C02AAC07 /* InfoPlist.strings */; };
		8D0C4E920486CD37000505A6 /* Carbon.framework in Frameworks */ = {isa = PBXBuildFile; fileRef = 20286C33FDCF999611CA2CEA /* Carbon.framework */; };
		B866173C0F2074970088A605 /* libDWFToolkit.a in Frameworks */ = {isa = PBXBuildFile; fileRef = B866173B0F2074970088A605 /* libDWFToolkit.a */; };
		B866173E0F2074A10088A605 /* libDWFCore.a in Frameworks */ = {isa = PBXBuildFile; fileRef = B866173D0F2074A10088A605 /* libDWFCore.a */; };
		B86CA81E0F1469B90028327C /* PublishMetadata.cpp in Sources */ = {isa = PBXBuildFile; fileRef = B86CA81D0F1469B90028327C /* PublishMetadata.cpp */; };
		BB21594913E121F1004CF889 /* InfoPlist.strings in Resources */ = {isa = PBXBuildFile; fileRef = 0867D6AAFE840B52C02AAC07 /* InfoPlist.strings */; };
		BB21594B13E121F1004CF889 /* PublishMetadata.cpp in Sources */ = {isa = PBXBuildFile; fileRef = B86CA81D0F1469B90028327C /* PublishMetadata.cpp */; };
		BB21594D13E121F1004CF889 /* Carbon.framework in Frameworks */ = {isa = PBXBuildFile; fileRef = 20286C33FDCF999611CA2CEA /* Carbon.framework */; };
		BB21595713E12243004CF889 /* DWFCore.framework in Frameworks */ = {isa = PBXBuildFile; fileRef = BB21595513E12243004CF889 /* DWFCore.framework */; };
		BB21595813E12243004CF889 /* DWFToolkit.framework in Frameworks */ = {isa = PBXBuildFile; fileRef = BB21595613E12243004CF889 /* DWFToolkit.framework */; };
		BB21595A13E12250004CF889 /* DWFCore.framework in CopyFiles */ = {isa = PBXBuildFile; fileRef = BB21595513E12243004CF889 /* DWFCore.framework */; };
		BB21595B13E12250004CF889 /* DWFToolkit.framework in CopyFiles */ = {isa = PBXBuildFile; fileRef = BB21595613E12243004CF889 /* DWFToolkit.framework */; };
/* End PBXBuildFile section */

/* Begin PBXCopyFilesBuildPhase section */
		BB21595913E12247004CF889 /* CopyFiles */ = {
			isa = PBXCopyFilesBuildPhase;
			buildActionMask = 2147483647;
			dstPath = "";
			dstSubfolderSpec = 10;
			files = (
				BB21595A13E12250004CF889 /* DWFCore.framework in CopyFiles */,
				BB21595B13E12250004CF889 /* DWFToolkit.framework in CopyFiles */,
			);
			runOnlyForDeploymentPostprocessing = 0;
		};
/* End PBXCopyFilesBuildPhase section */

/* Begin PBXFileReference section */
		0867D6ABFE840B52C02AAC07 /* English */ = {isa = PBXFileReference; fileEncoding = 10; lastKnownFileType = text.plist.strings; name = English; path = English.lproj/InfoPlist.strings; sourceTree = "<group>"; };
		20286C33FDCF999611CA2CEA /* Carbon.framework */ = {isa = PBXFileReference; lastKnownFileType = wrapper.framework; name = Carbon.framework; path = /System/Library/Frameworks/Carbon.framework; sourceTree = "<absolute>"; };
		32DBCF6D0370B57F00C91783 /* PublishMetadata_Prefix.pch */ = {isa = PBXFileReference; fileEncoding = 4; lastKnownFileType = sourcecode.c.h; path = PublishMetadata_Prefix.pch; sourceTree = "<group>"; };
		8D0C4E960486CD37000505A6 /* Info.plist */ = {isa = PBXFileReference; fileEncoding = 4; lastKnownFileType = text.plist.xml; path = Info.plist; sourceTree = "<group>"; };
		8D0C4E970486CD37000505A6 /* PublishMetadata Static.app */ = {isa = PBXFileReference; explicitFileType = wrapper.application; includeInIndex = 0; path = "PublishMetadata Static.app"; sourceTree = BUILT_PRODUCTS_DIR; };
		B866173B0F2074970088A605 /* libDWFToolkit.a */ = {isa = PBXFileReference; lastKnownFileType = archive.ar; name = libDWFToolkit.a; path = "../../../develop/global/build/XCode 3.1/DWFToolkit/build/UninstalledProducts/libDWFToolkit.a"; sourceTree = SOURCE_ROOT; };
		B866173D0F2074A10088A605 /* libDWFCore.a */ = {isa = PBXFileReference; lastKnownFileType = archive.ar; name = libDWFCore.a; path = "../../../develop/global/build/XCode 3.1/DWFCore/build/UninstalledProducts/libDWFCore.a"; sourceTree = SOURCE_ROOT; };
		B86CA81D0F1469B90028327C /* PublishMetadata.cpp */ = {isa = PBXFileReference; fileEncoding = 4; lastKnownFileType = sourcecode.cpp.cpp; path = PublishMetadata.cpp; sourceTree = "<group>"; };
		BB21595313E121F1004CF889 /* PublishMetadata Share.app */ = {isa = PBXFileReference; explicitFileType = wrapper.application; includeInIndex = 0; path = "PublishMetadata Share.app"; sourceTree = BUILT_PRODUCTS_DIR; };
		BB21595513E12243004CF889 /* DWFCore.framework */ = {isa = PBXFileReference; lastKnownFileType = wrapper.framework; name = DWFCore.framework; path = ../../../develop/global/lib/release/DWFCore.framework; sourceTree = "<group>"; };
		BB21595613E12243004CF889 /* DWFToolkit.framework */ = {isa = PBXFileReference; lastKnownFileType = wrapper.framework; name = DWFToolkit.framework; path = ../../../develop/global/lib/release/DWFToolkit.framework; sourceTree = "<group>"; };
/* End PBXFileReference section */

/* Begin PBXFrameworksBuildPhase section */
		8D0C4E910486CD37000505A6 /* Frameworks */ = {
			isa = PBXFrameworksBuildPhase;
			buildActionMask = 2147483647;
			files = (
				8D0C4E920486CD37000505A6 /* Carbon.framework in Frameworks */,
				B866173C0F2074970088A605 /* libDWFToolkit.a in Frameworks */,
				B866173E0F2074A10088A605 /* libDWFCore.a in Frameworks */,
			);
			runOnlyForDeploymentPostprocessing = 0;
		};
		BB21594C13E121F1004CF889 /* Frameworks */ = {
			isa = PBXFrameworksBuildPhase;
			buildActionMask = 2147483647;
			files = (
				BB21595713E12243004CF889 /* DWFCore.framework in Frameworks */,
				BB21595813E12243004CF889 /* DWFToolkit.framework in Frameworks */,
				BB21594D13E121F1004CF889 /* Carbon.framework in Frameworks */,
			);
			runOnlyForDeploymentPostprocessing = 0;
		};
/* End PBXFrameworksBuildPhase section */

/* Begin PBXGroup section */
		195DF8CFFE9D517E11CA2CBB /* Products */ = {
			isa = PBXGroup;
			children = (
				8D0C4E970486CD37000505A6 /* PublishMetadata Static.app */,
				BB21595313E121F1004CF889 /* PublishMetadata Share.app */,
			);
			name = Products;
			sourceTree = "<group>";
		};
		20286C29FDCF999611CA2CEA /* PublishMetadata */ = {
			isa = PBXGroup;
			children = (
				BB21595513E12243004CF889 /* DWFCore.framework */,
				BB21595613E12243004CF889 /* DWFToolkit.framework */,
				20286C2AFDCF999611CA2CEA /* Sources */,
				20286C2CFDCF999611CA2CEA /* Resources */,
				20286C32FDCF999611CA2CEA /* External Frameworks and Libraries */,
				195DF8CFFE9D517E11CA2CBB /* Products */,
			);
			name = PublishMetadata;
			sourceTree = "<group>";
		};
		20286C2AFDCF999611CA2CEA /* Sources */ = {
			isa = PBXGroup;
			children = (
				B86CA81D0F1469B90028327C /* PublishMetadata.cpp */,
				32DBCF6D0370B57F00C91783 /* PublishMetadata_Prefix.pch */,
			);
			name = Sources;
			sourceTree = "<group>";
		};
		20286C2CFDCF999611CA2CEA /* Resources */ = {
			isa = PBXGroup;
			children = (
				8D0C4E960486CD37000505A6 /* Info.plist */,
				0867D6AAFE840B52C02AAC07 /* InfoPlist.strings */,
			);
			name = Resources;
			sourceTree = "<group>";
		};
		20286C32FDCF999611CA2CEA /* External Frameworks and Libraries */ = {
			isa = PBXGroup;
			children = (
				B866173D0F2074A10088A605 /* libDWFCore.a */,
				B866173B0F2074970088A605 /* libDWFToolkit.a */,
				20286C33FDCF999611CA2CEA /* Carbon.framework */,
			);
			name = "External Frameworks and Libraries";
			sourceTree = "<group>";
		};
/* End PBXGroup section */

/* Begin PBXNativeTarget section */
		8D0C4E890486CD37000505A6 /* PublishMetadata Static */ = {
			isa = PBXNativeTarget;
			buildConfigurationList = C0E91AC508A95435008D54AB /* Build configuration list for PBXNativeTarget "PublishMetadata Static" */;
			buildPhases = (
				8D0C4E8C0486CD37000505A6 /* Resources */,
				8D0C4E8F0486CD37000505A6 /* Sources */,
				8D0C4E910486CD37000505A6 /* Frameworks */,
			);
			buildRules = (
			);
			dependencies = (
			);
			name = "PublishMetadata Static";
			productInstallPath = "$(HOME)/Applications";
			productName = PublishMetadata;
			productReference = 8D0C4E970486CD37000505A6 /* PublishMetadata Static.app */;
			productType = "com.apple.product-type.application";
		};
		BB21594713E121F1004CF889 /* PublishMetadata Share */ = {
			isa = PBXNativeTarget;
			buildConfigurationList = BB21595013E121F1004CF889 /* Build configuration list for PBXNativeTarget "PublishMetadata Share" */;
			buildPhases = (
				BB21594813E121F1004CF889 /* Resources */,
				BB21594A13E121F1004CF889 /* Sources */,
				BB21594C13E121F1004CF889 /* Frameworks */,
				BB21595913E12247004CF889 /* CopyFiles */,
			);
			buildRules = (
			);
			dependencies = (
			);
			name = "PublishMetadata Share";
			productInstallPath = "$(HOME)/Applications";
			productName = PublishMetadata;
			productReference = BB21595313E121F1004CF889 /* PublishMetadata Share.app */;
			productType = "com.apple.product-type.application";
		};
/* End PBXNativeTarget section */

/* Begin PBXProject section */
		20286C28FDCF999611CA2CEA /* Project object */ = {
			isa = PBXProject;
			buildConfigurationList = C0E91AC908A95435008D54AB /* Build configuration list for PBXProject "PublishMetadata" */;
			compatibilityVersion = "Xcode 3.1";
			developmentRegion = English;
			hasScannedForEncodings = 1;
			knownRegions = (
				en,
			);
			mainGroup = 20286C29FDCF999611CA2CEA /* PublishMetadata */;
			projectDirPath = "";
			projectRoot = "";
			targets = (
				8D0C4E890486CD37000505A6 /* PublishMetadata Static */,
				BB21594713E121F1004CF889 /* PublishMetadata Share */,
			);
		};
/* End PBXProject section */

/* Begin PBXResourcesBuildPhase section */
		8D0C4E8C0486CD37000505A6 /* Resources */ = {
			isa = PBXResourcesBuildPhase;
			buildActionMask = 2147483647;
			files = (
				8D0C4E8D0486CD37000505A6 /* InfoPlist.strings in Resources */,
			);
			runOnlyForDeploymentPostprocessing = 0;
		};
		BB21594813E121F1004CF889 /* Resources */ = {
			isa = PBXResourcesBuildPhase;
			buildActionMask = 2147483647;
			files = (
				BB21594913E121F1004CF889 /* InfoPlist.strings in Resources */,
			);
			runOnlyForDeploymentPostprocessing = 0;
		};
/* End PBXResourcesBuildPhase section */

/* Begin PBXSourcesBuildPhase section */
		8D0C4E8F0486CD37000505A6 /* Sources */ = {
			isa = PBXSourcesBuildPhase;
			buildActionMask = 2147483647;
			files = (
				B86CA81E0F1469B90028327C /* PublishMetadata.cpp in Sources */,
			);
			runOnlyForDeploymentPostprocessing = 0;
		};
		BB21594A13E121F1004CF889 /* Sources */ = {
			isa = PBXSourcesBuildPhase;
			buildActionMask = 2147483647;
			files = (
				BB21594B13E121F1004CF889 /* PublishMetadata.cpp in Sources */,
			);
			runOnlyForDeploymentPostprocessing = 0;
		};
/* End PBXSourcesBuildPhase section */

/* Begin PBXVariantGroup section */
		0867D6AAFE840B52C02AAC07 /* InfoPlist.strings */ = {
			isa = PBXVariantGroup;
			children = (
				0867D6ABFE840B52C02AAC07 /* English */,
			);
			name = InfoPlist.strings;
			sourceTree = "<group>";
		};
/* End PBXVariantGroup section */

/* Begin XCBuildConfiguration section */
		BB21595113E121F1004CF889 /* Debug */ = {
			isa = XCBuildConfiguration;
			buildSettings = {
				ALWAYS_SEARCH_USER_PATHS = YES;
				ARCHS = "$(ARCHS_STANDARD_32_BIT)";
				CONFIGURATION_BUILD_DIR = .;
				COPY_PHASE_STRIP = NO;
				FRAMEWORK_SEARCH_PATHS = (
					"$(inherited)",
					"\"$(SRCROOT)/../../../develop/global/lib/release\"",
				);
				GCC_DYNAMIC_NO_PIC = NO;
				GCC_ENABLE_FIX_AND_CONTINUE = YES;
				GCC_MODEL_TUNING = G5;
				GCC_OPTIMIZATION_LEVEL = 0;
				GCC_PRECOMPILE_PREFIX_HEADER = YES;
				GCC_PREFIX_HEADER = PublishMetadata_Prefix.pch;
				GCC_PREPROCESSOR_DEFINITIONS = (
					DWFTK_USE_DWFCORE_ZLIB,
					DWFCORE_BUILD_EXPAT,
					DWFCORE_EXPORT_API,
				);
				GCC_SYMBOLS_PRIVATE_EXTERN = NO;
				GCC_UNROLL_LOOPS = NO;
				GCC_VERSION = 4.2;
				HEADER_SEARCH_PATHS = ../../../develop/global/src;
				INFOPLIST_FILE = Info.plist;
				INSTALL_PATH = "$(HOME)/Applications";
				LD_RUNPATH_SEARCH_PATHS = "@executable_path/../Frameworks";
				LIBRARY_SEARCH_PATHS = (
					"$(inherited)",
					"\"$(SRCROOT)/../../../develop/global/lib/$(CONFIGURATION)\"",
				);
				PRODUCT_NAME = "PublishMetadata Share";
				SDKROOT = macosx;
			};
			name = Debug;
		};
		BB21595213E121F1004CF889 /* Release */ = {
			isa = XCBuildConfiguration;
			buildSettings = {
				ALWAYS_SEARCH_USER_PATHS = YES;
				ARCHS = "$(ARCHS_STANDARD_32_BIT)";
				CONFIGURATION_BUILD_DIR = .;
				DEBUG_INFORMATION_FORMAT = "dwarf-with-dsym";
				FRAMEWORK_SEARCH_PATHS = (
					"$(inherited)",
					"\"$(SRCROOT)/../../../develop/global/lib/release\"",
				);
				GCC_MODEL_TUNING = G5;
				GCC_PRECOMPILE_PREFIX_HEADER = YES;
				GCC_PREFIX_HEADER = PublishMetadata_Prefix.pch;
				GCC_PREPROCESSOR_DEFINITIONS = (
					DWFTK_USE_DWFCORE_ZLIB,
					DWFCORE_BUILD_EXPAT,
					DWFCORE_EXPORT_API,
				);
				GCC_SYMBOLS_PRIVATE_EXTERN = NO;
				GCC_UNROLL_LOOPS = NO;
				GCC_VERSION = 4.2;
				HEADER_SEARCH_PATHS = ../../../develop/global/src;
				INFOPLIST_FILE = Info.plist;
				INSTALL_PATH = "$(HOME)/Applications";
				LD_RUNPATH_SEARCH_PATHS = "@executable_path/../Frameworks";
				LIBRARY_SEARCH_PATHS = (
					"$(inherited)",
					"\"$(SRCROOT)/../../../develop/global/lib/$(CONFIGURATION)\"",
				);
				PRODUCT_NAME = "PublishMetadata Share";
				SDKROOT = macosx;
			};
			name = Release;
		};
		C0E91AC608A95435008D54AB /* Debug */ = {
			isa = XCBuildConfiguration;
			buildSettings = {
				ALWAYS_SEARCH_USER_PATHS = YES;
				ARCHS = "$(ARCHS_STANDARD_32_BIT)";
				CONFIGURATION_BUILD_DIR = .;
				COPY_PHASE_STRIP = NO;
				GCC_DYNAMIC_NO_PIC = NO;
				GCC_ENABLE_FIX_AND_CONTINUE = YES;
				GCC_MODEL_TUNING = G5;
				GCC_OPTIMIZATION_LEVEL = 0;
				GCC_PRECOMPILE_PREFIX_HEADER = YES;
				GCC_PREFIX_HEADER = PublishMetadata_Prefix.pch;
				GCC_PREPROCESSOR_DEFINITIONS = (
					DWFTK_USE_DWFCORE_ZLIB,
					DWFCORE_BUILD_EXPAT,
					DWFCORE_STATIC,
					DWFTK_STATIC,
				);
				GCC_SYMBOLS_PRIVATE_EXTERN = NO;
				GCC_UNROLL_LOOPS = NO;
				GCC_VERSION = 4.2;
				HEADER_SEARCH_PATHS = ../../../develop/global/src;
				INFOPLIST_FILE = Info.plist;
				INSTALL_PATH = "$(HOME)/Applications";
				LIBRARY_SEARCH_PATHS = (
					"$(inherited)",
					"\"$(SRCROOT)/../../../develop/global/lib/$(CONFIGURATION)\"",
				);
				PRODUCT_NAME = "PublishMetadata Static";
				SDKROOT = macosx;
			};
			name = Debug;
		};
		C0E91AC708A95435008D54AB /* Release */ = {
			isa = XCBuildConfiguration;
			buildSettings = {
				ALWAYS_SEARCH_USER_PATHS = YES;
				ARCHS = "$(ARCHS_STANDARD_32_BIT)";
				CONFIGURATION_BUILD_DIR = .;
				DEBUG_INFORMATION_FORMAT = "dwarf-with-dsym";
				GCC_MODEL_TUNING = G5;
				GCC_PRECOMPILE_PREFIX_HEADER = YES;
				GCC_PREFIX_HEADER = PublishMetadata_Prefix.pch;
				GCC_PREPROCESSOR_DEFINITIONS = (
					DWFTK_USE_DWFCORE_ZLIB,
					DWFCORE_BUILD_EXPAT,
					DWFCORE_STATIC,
					DWFTK_STATIC,
				);
				GCC_SYMBOLS_PRIVATE_EXTERN = NO;
				GCC_UNROLL_LOOPS = NO;
				GCC_VERSION = 4.2;
				HEADER_SEARCH_PATHS = ../../../develop/global/src;
				INFOPLIST_FILE = Info.plist;
				INSTALL_PATH = "$(HOME)/Applications";
				LIBRARY_SEARCH_PATHS = (
					"$(inherited)",
					"\"$(SRCROOT)/../../../develop/global/lib/$(CONFIGURATION)\"",
				);
				PRODUCT_NAME = "PublishMetadata Static";
				SDKROOT = macosx;
			};
			name = Release;
		};
		C0E91ACA08A95435008D54AB /* Debug */ = {
			isa = XCBuildConfiguration;
			buildSettings = {
				ARCHS = "$(ARCHS_STANDARD_32_BIT)";
				GCC_C_LANGUAGE_STANDARD = c99;
				GCC_OPTIMIZATION_LEVEL = 0;
				GCC_WARN_ABOUT_RETURN_TYPE = YES;
				GCC_WARN_UNUSED_VARIABLE = YES;
				ONLY_ACTIVE_ARCH = YES;
				PREBINDING = NO;
				SDKROOT = macosx10.5;
			};
			name = Debug;
		};
		C0E91ACB08A95435008D54AB /* Release */ = {
			isa = XCBuildConfiguration;
			buildSettings = {
				ARCHS = "$(ARCHS_STANDARD_32_BIT)";
				GCC_C_LANGUAGE_STANDARD = c99;
				GCC_WARN_ABOUT_RETURN_TYPE = YES;
				GCC_WARN_UNUSED_VARIABLE = YES;
				PREBINDING = NO;
				SDKROOT = macosx10.5;
			};
			name = Release;
		};
/* End XCBuildConfiguration section */

/* Begin XCConfigurationList section */
		BB21595013E121F1004CF889 /* Build configuration list for PBXNativeTarget "PublishMetadata Share" */ = {
			isa = XCConfigurationList;
			buildConfigurations = (
				BB21595113E121F1004CF889 /* Debug */,
				BB21595213E121F1004CF889 /* Release */,
			);
			defaultConfigurationIsVisible = 0;
			defaultConfigurationName = Release;
		};
		C0E91AC508A95435008D54AB /* Build configuration list for PBXNativeTarget "PublishMetadata Static" */ = {
			isa = XCConfigurationList;
			buildConfigurations = (
				C0E91AC608A95435008D54AB /* Debug */,
				C0E91AC708A95435008D54AB /* Release */,
			);
			defaultConfigurationIsVisible = 0;
			defaultConfigurationName = Release;
		};
		C0E91AC908A95435008D54AB /* Build configuration list for PBXProject "PublishMetadata" */ = {
			isa = XCConfigurationList;
			buildConfigurations = (
				C0E91ACA08A95435008D54AB /* Debug */,
				C0E91ACB08A95435008D54AB /* Release */,
			);
			defaultConfigurationIsVisible = 0;
			defaultConfigurationName = Release;
		};
/* End XCConfigurationList section */
	};
	rootObject = 20286C28FDCF999611CA2CEA /* Project object */;
}
