// !$*UTF8*$!
{
	archiveVersion = 1;
	classes = {
	};
	objectVersion = 46;
	objects = {

/* Begin PBXBuildFile section */
		8D0C4E8D0486CD37000505A6 /* InfoPlist.strings in Resources */ = {isa = PBXBuildFile; fileRef = 0867D6AAFE840B52C02AAC07 /* InfoPlist.strings */; };
		8D0C4E920486CD37000505A6 /* Carbon.framework in Frameworks */ = {isa = PBXBuildFile; fileRef = 20286C33FDCF999611CA2CEA /* Carbon.framework */; };
		B86CA89F0F146CB90028327C /* WriteContent.cpp in Sources */ = {isa = PBXBuildFile; fileRef = B86CA89E0F146CB90028327C /* WriteContent.cpp */; };
		B8859F7A0F24292E006F6AC4 /* libDWFToolkit.a in Frameworks */ = {isa = PBXBuildFile; fileRef = B8859F790F24292E006F6AC4 /* libDWFToolkit.a */; };
		B8859F7C0F242941006F6AC4 /* libDWFCore.a in Frameworks */ = {isa = PBXBuildFile; fileRef = B8859F7B0F242941006F6AC4 /* libDWFCore.a */; };
		BB215A4413E12D50004CF889 /* InfoPlist.strings in Resources */ = {isa = PBXBuildFile; fileRef = 0867D6AAFE840B52C02AAC07 /* InfoPlist.strings */; };
		BB215A4613E12D50004CF889 /* WriteContent.cpp in Sources */ = {isa = PBXBuildFile; fileRef = B86CA89E0F146CB90028327C /* WriteContent.cpp */; };
		BB215A4813E12D50004CF889 /* Carbon.framework in Frameworks */ = {isa = PBXBuildFile; fileRef = 20286C33FDCF999611CA2CEA /* Carbon.framework */; };
		BB215A5213E12DD5004CF889 /* DWFCore.framework in Frameworks */ = {isa = PBXBuildFile; fileRef = BB215A5013E12DD5004CF889 /* DWFCore.framework */; };
		BB215A5313E12DD5004CF889 /* DWFToolkit.framework in Frameworks */ = {isa = PBXBuildFile; fileRef = BB215A5113E12DD5004CF889 /* DWFToolkit.framework */; };
		BB215A5513E12DE2004CF889 /* DWFCore.framework in CopyFiles */ = {isa = PBXBuildFile; fileRef = BB215A5013E12DD5004CF889 /* DWFCore.framework */; };
		BB215A5613E12DE2004CF889 /* DWFToolkit.framework in CopyFiles */ = {isa = PBXBuildFile; fileRef = BB215A5113E12DD5004CF889 /* DWFToolkit.framework */; };
/* End PBXBuildFile section */

/* Begin PBXCopyFilesBuildPhase section */
		BB215A5413E12DD9004CF889 /* CopyFiles */ = {
			isa = PBXCopyFilesBuildPhase;
			buildActionMask = 2147483647;
			dstPath = "";
			dstSubfolderSpec = 10;
			files = (
				BB215A5513E12DE2004CF889 /* DWFCore.framework in CopyFiles */,
				BB215A5613E12DE2004CF889 /* DWFToolkit.framework in CopyFiles */,
			);
			runOnlyForDeploymentPostprocessing = 0;
		};
/* End PBXCopyFilesBuildPhase section */

/* Begin PBXFileReference section */
		0867D6ABFE840B52C02AAC07 /* English */ = {isa = PBXFileReference; fileEncoding = 10; lastKnownFileType = text.plist.strings; name = English; path = English.lproj/InfoPlist.strings; sourceTree = "<group>"; };
		20286C33FDCF999611CA2CEA /* Carbon.framework */ = {isa = PBXFileReference; lastKnownFileType = wrapper.framework; name = Carbon.framework; path = /System/Library/Frameworks/Carbon.framework; sourceTree = "<absolute>"; };
		32DBCF6D0370B57F00C91783 /* WriteContent_Prefix.pch */ = {isa = PBXFileReference; fileEncoding = 4; lastKnownFileType = sourcecode.c.h; path = WriteContent_Prefix.pch; sourceTree = "<group>"; };
		8D0C4E960486CD37000505A6 /* Info.plist */ = {isa = PBXFileReference; fileEncoding = 4; lastKnownFileType = text.plist.xml; path = Info.plist; sourceTree = "<group>"; };
		8D0C4E970486CD37000505A6 /* WriteContent static.app */ = {isa = PBXFileReference; explicitFileType = wrapper.application; includeInIndex = 0; path = "WriteContent static.app"; sourceTree = BUILT_PRODUCTS_DIR; };
		B86CA89E0F146CB90028327C /* WriteContent.cpp */ = {isa = PBXFileReference; fileEncoding = 4; lastKnownFileType = sourcecode.cpp.cpp; path = WriteContent.cpp; sourceTree = "<group>"; };
		B8859F790F24292E006F6AC4 /* libDWFToolkit.a */ = {isa = PBXFileReference; lastKnownFileType = archive.ar; name = libDWFToolkit.a; path = "../../../develop/global/build/XCode 3.1/DWFToolkit/build/UninstalledProducts/libDWFToolkit.a"; sourceTree = SOURCE_ROOT; };
		B8859F7B0F242941006F6AC4 /* libDWFCore.a */ = {isa = PBXFileReference; lastKnownFileType = archive.ar; name = libDWFCore.a; path = "../../../develop/global/build/XCode 3.1/DWFCore/build/UninstalledProducts/libDWFCore.a"; sourceTree = SOURCE_ROOT; };
		BB215A4E13E12D50004CF889 /* WriteContent share.app */ = {isa = PBXFileReference; explicitFileType = wrapper.application; includeInIndex = 0; path = "WriteContent share.app"; sourceTree = BUILT_PRODUCTS_DIR; };
		BB215A5013E12DD5004CF889 /* DWFCore.framework */ = {isa = PBXFileReference; lastKnownFileType = wrapper.framework; name = DWFCore.framework; path = ../../../develop/global/lib/release/DWFCore.framework; sourceTree = "<group>"; };
		BB215A5113E12DD5004CF889 /* DWFToolkit.framework */ = {isa = PBXFileReference; lastKnownFileType = wrapper.framework; name = DWFToolkit.framework; path = ../../../develop/global/lib/release/DWFToolkit.framework; sourceTree = "<group>"; };
/* End PBXFileReference section */

/* Begin PBXFrameworksBuildPhase section */
		8D0C4E910486CD37000505A6 /* Frameworks */ = {
			isa = PBXFrameworksBuildPhase;
			buildActionMask = 2147483647;
			files = (
				8D0C4E920486CD37000505A6 /* Carbon.framework in Frameworks */,
				B8859F7A0F24292E006F6AC4 /* libDWFToolkit.a in Frameworks */,
				B8859F7C0F242941006F6AC4 /* libDWFCore.a in Frameworks */,
			);
			runOnlyForDeploymentPostprocessing = 0;
		};
		BB215A4713E12D50004CF889 /* Frameworks */ = {
			isa = PBXFrameworksBuildPhase;
			buildActionMask = 2147483647;
			files = (
				BB215A5213E12DD5004CF889 /* DWFCore.framework in Frameworks */,
				BB215A5313E12DD5004CF889 /* DWFToolkit.framework in Frameworks */,
				BB215A4813E12D50004CF889 /* Carbon.framework in Frameworks */,
			);
			runOnlyForDeploymentPostprocessing = 0;
		};
/* End PBXFrameworksBuildPhase section */

/* Begin PBXGroup section */
		195DF8CFFE9D517E11CA2CBB /* Products */ = {
			isa = PBXGroup;
			children = (
				8D0C4E970486CD37000505A6 /* WriteContent static.app */,
				BB215A4E13E12D50004CF889 /* WriteContent share.app */,
			);
			name = Products;
			sourceTree = "<group>";
		};
		20286C29FDCF999611CA2CEA /* WriteContent */ = {
			isa = PBXGroup;
			children = (
				BB215A5013E12DD5004CF889 /* DWFCore.framework */,
				BB215A5113E12DD5004CF889 /* DWFToolkit.framework */,
				20286C2AFDCF999611CA2CEA /* Sources */,
				20286C2CFDCF999611CA2CEA /* Resources */,
				20286C32FDCF999611CA2CEA /* External Frameworks and Libraries */,
				195DF8CFFE9D517E11CA2CBB /* Products */,
			);
			name = WriteContent;
			sourceTree = "<group>";
		};
		20286C2AFDCF999611CA2CEA /* Sources */ = {
			isa = PBXGroup;
			children = (
				B86CA89E0F146CB90028327C /* WriteContent.cpp */,
				32DBCF6D0370B57F00C91783 /* WriteContent_Prefix.pch */,
			);
			name = Sources;
			sourceTree = "<group>";
		};
		20286C2CFDCF999611CA2CEA /* Resources */ = {
			isa = PBXGroup;
			children = (
				8D0C4E960486CD37000505A6 /* Info.plist */,
				0867D6AAFE840B52C02AAC07 /* InfoPlist.strings */,
			);
			name = Resources;
			sourceTree = "<group>";
		};
		20286C32FDCF999611CA2CEA /* External Frameworks and Libraries */ = {
			isa = PBXGroup;
			children = (
				B8859F7B0F242941006F6AC4 /* libDWFCore.a */,
				B8859F790F24292E006F6AC4 /* libDWFToolkit.a */,
				20286C33FDCF999611CA2CEA /* Carbon.framework */,
			);
			name = "External Frameworks and Libraries";
			sourceTree = "<group>";
		};
/* End PBXGroup section */

/* Begin PBXNativeTarget section */
		8D0C4E890486CD37000505A6 /* WriteContent static */ = {
			isa = PBXNativeTarget;
			buildConfigurationList = C0E91AC508A95435008D54AB /* Build configuration list for PBXNativeTarget "WriteContent static" */;
			buildPhases = (
				8D0C4E8C0486CD37000505A6 /* Resources */,
				8D0C4E8F0486CD37000505A6 /* Sources */,
				8D0C4E910486CD37000505A6 /* Frameworks */,
			);
			buildRules = (
			);
			dependencies = (
			);
			name = "WriteContent static";
			productInstallPath = "$(HOME)/Applications";
			productName = WriteContent;
			productReference = 8D0C4E970486CD37000505A6 /* WriteContent static.app */;
			productType = "com.apple.product-type.application";
		};
		BB215A4213E12D50004CF889 /* WriteContent share */ = {
			isa = PBXNativeTarget;
			buildConfigurationList = BB215A4B13E12D50004CF889 /* Build configuration list for PBXNativeTarget "WriteContent share" */;
			buildPhases = (
				BB215A4313E12D50004CF889 /* Resources */,
				BB215A4513E12D50004CF889 /* Sources */,
				BB215A4713E12D50004CF889 /* Frameworks */,
				BB215A5413E12DD9004CF889 /* CopyFiles */,
			);
			buildRules = (
			);
			dependencies = (
			);
			name = "WriteContent share";
			productInstallPath = "$(HOME)/Applications";
			productName = WriteContent;
			productReference = BB215A4E13E12D50004CF889 /* WriteContent share.app */;
			productType = "com.apple.product-type.application";
		};
/* End PBXNativeTarget section */

/* Begin PBXProject section */
		20286C28FDCF999611CA2CEA /* Project object */ = {
			isa = PBXProject;
			attributes = {
				LastUpgradeCheck = 0410;
			};
			buildConfigurationList = C0E91AC908A95435008D54AB /* Build configuration list for PBXProject "WriteContent" */;
			compatibilityVersion = "Xcode 3.2";
			developmentRegion = English;
			hasScannedForEncodings = 1;
			knownRegions = (
				en,
			);
			mainGroup = 20286C29FDCF999611CA2CEA /* WriteContent */;
			projectDirPath = "";
			projectRoot = "";
			targets = (
				8D0C4E890486CD37000505A6 /* WriteContent static */,
				BB215A4213E12D50004CF889 /* WriteContent share */,
			);
		};
/* End PBXProject section */

/* Begin PBXResourcesBuildPhase section */
		8D0C4E8C0486CD37000505A6 /* Resources */ = {
			isa = PBXResourcesBuildPhase;
			buildActionMask = 2147483647;
			files = (
				8D0C4E8D0486CD37000505A6 /* InfoPlist.strings in Resources */,
			);
			runOnlyForDeploymentPostprocessing = 0;
		};
		BB215A4313E12D50004CF889 /* Resources */ = {
			isa = PBXResourcesBuildPhase;
			buildActionMask = 2147483647;
			files = (
				BB215A4413E12D50004CF889 /* InfoPlist.strings in Resources */,
			);
			runOnlyForDeploymentPostprocessing = 0;
		};
/* End PBXResourcesBuildPhase section */

/* Begin PBXSourcesBuildPhase section */
		8D0C4E8F0486CD37000505A6 /* Sources */ = {
			isa = PBXSourcesBuildPhase;
			buildActionMask = 2147483647;
			files = (
				B86CA89F0F146CB90028327C /* WriteContent.cpp in Sources */,
			);
			runOnlyForDeploymentPostprocessing = 0;
		};
		BB215A4513E12D50004CF889 /* Sources */ = {
			isa = PBXSourcesBuildPhase;
			buildActionMask = 2147483647;
			files = (
				BB215A4613E12D50004CF889 /* WriteContent.cpp in Sources */,
			);
			runOnlyForDeploymentPostprocessing = 0;
		};
/* End PBXSourcesBuildPhase section */

/* Begin PBXVariantGroup section */
		0867D6AAFE840B52C02AAC07 /* InfoPlist.strings */ = {
			isa = PBXVariantGroup;
			children = (
				0867D6ABFE840B52C02AAC07 /* English */,
			);
			name = InfoPlist.strings;
			sourceTree = "<group>";
		};
/* End PBXVariantGroup section */

/* Begin XCBuildConfiguration section */
		BB215A4C13E12D50004CF889 /* Debug */ = {
			isa = XCBuildConfiguration;
			buildSettings = {
				ALWAYS_SEARCH_USER_PATHS = YES;
				ARCHS = "$(NATIVE_ARCH)";
				CONFIGURATION_BUILD_DIR = .;
				COPY_PHASE_STRIP = NO;
				FRAMEWORK_SEARCH_PATHS = (
					"$(inherited)",
					"\"$(SRCROOT)/../../../develop/global/lib/release\"",
				);
				GCC_DYNAMIC_NO_PIC = NO;
				GCC_MODEL_TUNING = G5;
				GCC_OPTIMIZATION_LEVEL = 0;
				GCC_PRECOMPILE_PREFIX_HEADER = YES;
				GCC_PREFIX_HEADER = WriteContent_Prefix.pch;
				GCC_PREPROCESSOR_DEFINITIONS = (
					DWFTK_USE_DWFCORE_ZLIB,
					DWFCORE_BUILD_EXPAT,
					DWFCORE_EXPORT_API,
				);
				GCC_VERSION = 4.2;
				HEADER_SEARCH_PATHS = ../../../develop/global/src;
				INFOPLIST_FILE = Info.plist;
				INSTALL_PATH = "$(HOME)/Applications";
				LD_RUNPATH_SEARCH_PATHS = "@executable_path/../Frameworks";
				LIBRARY_SEARCH_PATHS = (
					"$(inherited)",
					"\"$(SRCROOT)/../../../develop/global/lib/$(CONFIGURATION)\"",
				);
				PRODUCT_NAME = "WriteContent share";
			};
			name = Debug;
		};
		BB215A4D13E12D50004CF889 /* Release */ = {
			isa = XCBuildConfiguration;
			buildSettings = {
				ALWAYS_SEARCH_USER_PATHS = YES;
				ARCHS = "$(NATIVE_ARCH)";
				CONFIGURATION_BUILD_DIR = .;
				DEBUG_INFORMATION_FORMAT = "dwarf-with-dsym";
				FRAMEWORK_SEARCH_PATHS = (
					"$(inherited)",
					"\"$(SRCROOT)/../../../develop/global/lib/release\"",
				);
				GCC_MODEL_TUNING = G5;
				GCC_PRECOMPILE_PREFIX_HEADER = YES;
				GCC_PREFIX_HEADER = WriteContent_Prefix.pch;
				GCC_PREPROCESSOR_DEFINITIONS = (
					DWFTK_USE_DWFCORE_ZLIB,
					DWFCORE_BUILD_EXPAT,
					DWFCORE_EXPORT_API,
				);
				GCC_VERSION = 4.2;
				HEADER_SEARCH_PATHS = ../../../develop/global/src;
				INFOPLIST_FILE = Info.plist;
				INSTALL_PATH = "$(HOME)/Applications";
				LD_RUNPATH_SEARCH_PATHS = "@executable_path/../Frameworks";
				LIBRARY_SEARCH_PATHS = (
					"$(inherited)",
					"\"$(SRCROOT)/../../../develop/global/lib/$(CONFIGURATION)\"",
				);
				PRODUCT_NAME = "WriteContent share";
			};
			name = Release;
		};
		C0E91AC608A95435008D54AB /* Debug */ = {
			isa = XCBuildConfiguration;
			buildSettings = {
				ALWAYS_SEARCH_USER_PATHS = YES;
				ARCHS = "$(NATIVE_ARCH)";
				CONFIGURATION_BUILD_DIR = .;
				COPY_PHASE_STRIP = NO;
				GCC_DYNAMIC_NO_PIC = NO;
				GCC_MODEL_TUNING = G5;
				GCC_OPTIMIZATION_LEVEL = 0;
				GCC_PRECOMPILE_PREFIX_HEADER = YES;
				GCC_PREFIX_HEADER = WriteContent_Prefix.pch;
				GCC_PREPROCESSOR_DEFINITIONS = (
					DWFTK_USE_DWFCORE_ZLIB,
					DWFCORE_BUILD_EXPAT,
					DWFCORE_STATIC,
					DWFTK_STATIC,
				);
				GCC_SYMBOLS_PRIVATE_EXTERN = NO;
				GCC_VERSION = 4.2;
				HEADER_SEARCH_PATHS = ../../../develop/global/src;
				INFOPLIST_FILE = Info.plist;
				INSTALL_PATH = "$(HOME)/Applications";
				LIBRARY_SEARCH_PATHS = (
					"$(inherited)",
					"\"$(SRCROOT)/../../../develop/global/lib/$(CONFIGURATION)\"",
				);
				PRODUCT_NAME = "WriteContent static";
			};
			name = Debug;
		};
		C0E91AC708A95435008D54AB /* Release */ = {
			isa = XCBuildConfiguration;
			buildSettings = {
				ALWAYS_SEARCH_USER_PATHS = YES;
				ARCHS = "$(NATIVE_ARCH)";
				CONFIGURATION_BUILD_DIR = .;
				DEBUG_INFORMATION_FORMAT = "dwarf-with-dsym";
				GCC_MODEL_TUNING = G5;
				GCC_PRECOMPILE_PREFIX_HEADER = YES;
				GCC_PREFIX_HEADER = WriteContent_Prefix.pch;
				GCC_PREPROCESSOR_DEFINITIONS = (
					DWFTK_USE_DWFCORE_ZLIB,
					DWFCORE_BUILD_EXPAT,
					DWFCORE_STATIC,
					DWFTK_STATIC,
				);
				GCC_SYMBOLS_PRIVATE_EXTERN = NO;
				GCC_VERSION = 4.2;
				HEADER_SEARCH_PATHS = ../../../develop/global/src;
				INFOPLIST_FILE = Info.plist;
				INSTALL_PATH = "$(HOME)/Applications";
				LIBRARY_SEARCH_PATHS = (
					"$(inherited)",
					"\"$(SRCROOT)/../../../develop/global/lib/$(CONFIGURATION)\"",
				);
				PRODUCT_NAME = "WriteContent static";
			};
			name = Release;
		};
		C0E91ACA08A95435008D54AB /* Debug */ = {
			isa = XCBuildConfiguration;
			buildSettings = {
				ARCHS = "$(ARCHS_STANDARD_32_BIT)";
				GCC_C_LANGUAGE_STANDARD = c99;
				GCC_OPTIMIZATION_LEVEL = 0;
				GCC_VERSION = 4.2;
				GCC_WARN_ABOUT_RETURN_TYPE = YES;
				GCC_WARN_UNUSED_VARIABLE = YES;
				ONLY_ACTIVE_ARCH = YES;
				SDKROOT = macosx;
			};
			name = Debug;
		};
		C0E91ACB08A95435008D54AB /* Release */ = {
			isa = XCBuildConfiguration;
			buildSettings = {
				ARCHS = "$(ARCHS_STANDARD_32_BIT)";
				GCC_C_LANGUAGE_STANDARD = c99;
				GCC_VERSION = 4.2;
				GCC_WARN_ABOUT_RETURN_TYPE = YES;
				GCC_WARN_UNUSED_VARIABLE = YES;
				SDKROOT = macosx;
			};
			name = Release;
		};
/* End XCBuildConfiguration section */

/* Begin XCConfigurationList section */
		BB215A4B13E12D50004CF889 /* Build configuration list for PBXNativeTarget "WriteContent share" */ = {
			isa = XCConfigurationList;
			buildConfigurations = (
				BB215A4C13E12D50004CF889 /* Debug */,
				BB215A4D13E12D50004CF889 /* Release */,
			);
			defaultConfigurationIsVisible = 0;
			defaultConfigurationName = Release;
		};
		C0E91AC508A95435008D54AB /* Build configuration list for PBXNativeTarget "WriteContent static" */ = {
			isa = XCConfigurationList;
			buildConfigurations = (
				C0E91AC608A95435008D54AB /* Debug */,
				C0E91AC708A95435008D54AB /* Release */,
			);
			defaultConfigurationIsVisible = 0;
			defaultConfigurationName = Release;
		};
		C0E91AC908A95435008D54AB /* Build configuration list for PBXProject "WriteContent" */ = {
			isa = XCConfigurationList;
			buildConfigurations = (
				C0E91ACA08A95435008D54AB /* Debug */,
				C0E91ACB08A95435008D54AB /* Release */,
			);
			defaultConfigurationIsVisible = 0;
			defaultConfigurationName = Release;
		};
/* End XCConfigurationList section */
	};
	rootObject = 20286C28FDCF999611CA2CEA /* Project object */;
}
