// !$*UTF8*$!
{
	archiveVersion = 1;
	classes = {
	};
	objectVersion = 45;
	objects = {

/* Begin PBXBuildFile section */
		8D0C4E8D0486CD37000505A6 /* InfoPlist.strings in Resources */ = {isa = PBXBuildFile; fileRef = 0867D6AAFE840B52C02AAC07 /* InfoPlist.strings */; };
		8D0C4E920486CD37000505A6 /* Carbon.framework in Frameworks */ = {isa = PBXBuildFile; fileRef = 20286C33FDCF999611CA2CEA /* Carbon.framework */; };
		B866BCCC0F13564C008F55B1 /* libDWFCore.a in Frameworks */ = {isa = PBXBuildFile; fileRef = B866BCCB0F13564C008F55B1 /* libDWFCore.a */; };
		B866BCD30F135665008F55B1 /* UUID.cpp in Sources */ = {isa = PBXBuildFile; fileRef = B866BCD00F135665008F55B1 /* UUID.cpp */; };
		B866BCD40F135665008F55B1 /* stdafx.cpp in Sources */ = {isa = PBXBuildFile; fileRef = B866BCD20F135665008F55B1 /* stdafx.cpp */; };
		BB21585813E10366004CF889 /* InfoPlist.strings in Resources */ = {isa = PBXBuildFile; fileRef = 0867D6AAFE840B52C02AAC07 /* InfoPlist.strings */; };
		BB21585A13E10366004CF889 /* UUID.cpp in Sources */ = {isa = PBXBuildFile; fileRef = B866BCD00F135665008F55B1 /* UUID.cpp */; };
		BB21585B13E10366004CF889 /* stdafx.cpp in Sources */ = {isa = PBXBuildFile; fileRef = B866BCD20F135665008F55B1 /* stdafx.cpp */; };
		BB21585D13E10366004CF889 /* Carbon.framework in Frameworks */ = {isa = PBXBuildFile; fileRef = 20286C33FDCF999611CA2CEA /* Carbon.framework */; };
		BB21586513E103D7004CF889 /* DWFCore.framework in Frameworks */ = {isa = PBXBuildFile; fileRef = BB21586413E103D7004CF889 /* DWFCore.framework */; };
		BB21586713E103E5004CF889 /* DWFCore.framework in CopyFiles */ = {isa = PBXBuildFile; fileRef = BB21586413E103D7004CF889 /* DWFCore.framework */; };
/* End PBXBuildFile section */

/* Begin PBXCopyFilesBuildPhase section */
		BB21586613E103DD004CF889 /* CopyFiles */ = {
			isa = PBXCopyFilesBuildPhase;
			buildActionMask = 2147483647;
			dstPath = "";
			dstSubfolderSpec = 10;
			files = (
				BB21586713E103E5004CF889 /* DWFCore.framework in CopyFiles */,
			);
			runOnlyForDeploymentPostprocessing = 0;
		};
/* End PBXCopyFilesBuildPhase section */

/* Begin PBXFileReference section */
		0867D6ABFE840B52C02AAC07 /* English */ = {isa = PBXFileReference; fileEncoding = 10; lastKnownFileType = text.plist.strings; name = English; path = English.lproj/InfoPlist.strings; sourceTree = "<group>"; };
		20286C33FDCF999611CA2CEA /* Carbon.framework */ = {isa = PBXFileReference; lastKnownFileType = wrapper.framework; name = Carbon.framework; path = /System/Library/Frameworks/Carbon.framework; sourceTree = "<absolute>"; };
		32DBCF6D0370B57F00C91783 /* UUID_Prefix.pch */ = {isa = PBXFileReference; fileEncoding = 4; lastKnownFileType = sourcecode.c.h; path = UUID_Prefix.pch; sourceTree = "<group>"; };
		8D0C4E960486CD37000505A6 /* Info.plist */ = {isa = PBXFileReference; fileEncoding = 4; lastKnownFileType = text.plist.xml; path = Info.plist; sourceTree = "<group>"; };
		8D0C4E970486CD37000505A6 /* UUID_Static.app */ = {isa = PBXFileReference; explicitFileType = wrapper.application; includeInIndex = 0; path = UUID_Static.app; sourceTree = BUILT_PRODUCTS_DIR; };
		B866BCCB0F13564C008F55B1 /* libDWFCore.a */ = {isa = PBXFileReference; lastKnownFileType = archive.ar; name = libDWFCore.a; path = ../../../develop/global/lib/debug/libDWFCore.a; sourceTree = SOURCE_ROOT; };
		B866BCD00F135665008F55B1 /* UUID.cpp */ = {isa = PBXFileReference; fileEncoding = 4; lastKnownFileType = sourcecode.cpp.cpp; path = UUID.cpp; sourceTree = "<group>"; };
		B866BCD10F135665008F55B1 /* stdafx.h */ = {isa = PBXFileReference; fileEncoding = 4; lastKnownFileType = sourcecode.c.h; path = stdafx.h; sourceTree = "<group>"; };
		B866BCD20F135665008F55B1 /* stdafx.cpp */ = {isa = PBXFileReference; fileEncoding = 4; lastKnownFileType = sourcecode.cpp.cpp; path = stdafx.cpp; sourceTree = "<group>"; };
		BB21586213E10366004CF889 /* UUID_Share.app */ = {isa = PBXFileReference; explicitFileType = wrapper.application; includeInIndex = 0; path = UUID_Share.app; sourceTree = BUILT_PRODUCTS_DIR; };
		BB21586413E103D7004CF889 /* DWFCore.framework */ = {isa = PBXFileReference; lastKnownFileType = wrapper.framework; name = DWFCore.framework; path = ../../../develop/global/lib/release/DWFCore.framework; sourceTree = "<group>"; };
/* End PBXFileReference section */

/* Begin PBXFrameworksBuildPhase section */
		8D0C4E910486CD37000505A6 /* Frameworks */ = {
			isa = PBXFrameworksBuildPhase;
			buildActionMask = 2147483647;
			files = (
				8D0C4E920486CD37000505A6 /* Carbon.framework in Frameworks */,
				B866BCCC0F13564C008F55B1 /* libDWFCore.a in Frameworks */,
			);
			runOnlyForDeploymentPostprocessing = 0;
		};
		BB21585C13E10366004CF889 /* Frameworks */ = {
			isa = PBXFrameworksBuildPhase;
			buildActionMask = 2147483647;
			files = (
				BB21586513E103D7004CF889 /* DWFCore.framework in Frameworks */,
				BB21585D13E10366004CF889 /* Carbon.framework in Frameworks */,
			);
			runOnlyForDeploymentPostprocessing = 0;
		};
/* End PBXFrameworksBuildPhase section */

/* Begin PBXGroup section */
		195DF8CFFE9D517E11CA2CBB /* Products */ = {
			isa = PBXGroup;
			children = (
				8D0C4E970486CD37000505A6 /* UUID_Static.app */,
				BB21586213E10366004CF889 /* UUID_Share.app */,
			);
			name = Products;
			sourceTree = "<group>";
		};
		20286C29FDCF999611CA2CEA /* UUID */ = {
			isa = PBXGroup;
			children = (
				BB21586413E103D7004CF889 /* DWFCore.framework */,
				20286C2AFDCF999611CA2CEA /* Sources */,
				20286C2CFDCF999611CA2CEA /* Resources */,
				20286C32FDCF999611CA2CEA /* External Frameworks and Libraries */,
				195DF8CFFE9D517E11CA2CBB /* Products */,
			);
			name = UUID;
			sourceTree = "<group>";
		};
		20286C2AFDCF999611CA2CEA /* Sources */ = {
			isa = PBXGroup;
			children = (
				B866BCD00F135665008F55B1 /* UUID.cpp */,
				B866BCD10F135665008F55B1 /* stdafx.h */,
				B866BCD20F135665008F55B1 /* stdafx.cpp */,
				32DBCF6D0370B57F00C91783 /* UUID_Prefix.pch */,
			);
			name = Sources;
			sourceTree = "<group>";
		};
		20286C2CFDCF999611CA2CEA /* Resources */ = {
			isa = PBXGroup;
			children = (
				8D0C4E960486CD37000505A6 /* Info.plist */,
				0867D6AAFE840B52C02AAC07 /* InfoPlist.strings */,
			);
			name = Resources;
			sourceTree = "<group>";
		};
		20286C32FDCF999611CA2CEA /* External Frameworks and Libraries */ = {
			isa = PBXGroup;
			children = (
				B866BCCB0F13564C008F55B1 /* libDWFCore.a */,
				20286C33FDCF999611CA2CEA /* Carbon.framework */,
			);
			name = "External Frameworks and Libraries";
			sourceTree = "<group>";
		};
/* End PBXGroup section */

/* Begin PBXNativeTarget section */
		8D0C4E890486CD37000505A6 /* UUID_Static */ = {
			isa = PBXNativeTarget;
			buildConfigurationList = C0E91AC508A95435008D54AB /* Build configuration list for PBXNativeTarget "UUID_Static" */;
			buildPhases = (
				8D0C4E8C0486CD37000505A6 /* Resources */,
				8D0C4E8F0486CD37000505A6 /* Sources */,
				8D0C4E910486CD37000505A6 /* Frameworks */,
			);
			buildRules = (
			);
			dependencies = (
			);
			name = UUID_Static;
			productInstallPath = "$(HOME)/Applications";
			productName = UUID;
			productReference = 8D0C4E970486CD37000505A6 /* UUID_Static.app */;
			productType = "com.apple.product-type.application";
		};
		BB21585613E10366004CF889 /* UUID_Share */ = {
			isa = PBXNativeTarget;
			buildConfigurationList = BB21585F13E10366004CF889 /* Build configuration list for PBXNativeTarget "UUID_Share" */;
			buildPhases = (
				BB21585713E10366004CF889 /* Resources */,
				BB21585913E10366004CF889 /* Sources */,
				BB21585C13E10366004CF889 /* Frameworks */,
				BB21586613E103DD004CF889 /* CopyFiles */,
			);
			buildRules = (
			);
			dependencies = (
			);
			name = UUID_Share;
			productInstallPath = "$(HOME)/Applications";
			productName = UUID;
			productReference = BB21586213E10366004CF889 /* UUID_Share.app */;
			productType = "com.apple.product-type.application";
		};
/* End PBXNativeTarget section */

/* Begin PBXProject section */
		20286C28FDCF999611CA2CEA /* Project object */ = {
			isa = PBXProject;
			buildConfigurationList = C0E91AC908A95435008D54AB /* Build configuration list for PBXProject "UUID" */;
			compatibilityVersion = "Xcode 3.1";
			developmentRegion = English;
			hasScannedForEncodings = 1;
			knownRegions = (
				en,
			);
			mainGroup = 20286C29FDCF999611CA2CEA /* UUID */;
			projectDirPath = "";
			projectRoot = "";
			targets = (
				8D0C4E890486CD37000505A6 /* UUID_Static */,
				BB21585613E10366004CF889 /* UUID_Share */,
			);
		};
/* End PBXProject section */

/* Begin PBXResourcesBuildPhase section */
		8D0C4E8C0486CD37000505A6 /* Resources */ = {
			isa = PBXResourcesBuildPhase;
			buildActionMask = 2147483647;
			files = (
				8D0C4E8D0486CD37000505A6 /* InfoPlist.strings in Resources */,
			);
			runOnlyForDeploymentPostprocessing = 0;
		};
		BB21585713E10366004CF889 /* Resources */ = {
			isa = PBXResourcesBuildPhase;
			buildActionMask = 2147483647;
			files = (
				BB21585813E10366004CF889 /* InfoPlist.strings in Resources */,
			);
			runOnlyForDeploymentPostprocessing = 0;
		};
/* End PBXResourcesBuildPhase section */

/* Begin PBXSourcesBuildPhase section */
		8D0C4E8F0486CD37000505A6 /* Sources */ = {
			isa = PBXSourcesBuildPhase;
			buildActionMask = 2147483647;
			files = (
				B866BCD30F135665008F55B1 /* UUID.cpp in Sources */,
				B866BCD40F135665008F55B1 /* stdafx.cpp in Sources */,
			);
			runOnlyForDeploymentPostprocessing = 0;
		};
		BB21585913E10366004CF889 /* Sources */ = {
			isa = PBXSourcesBuildPhase;
			buildActionMask = 2147483647;
			files = (
				BB21585A13E10366004CF889 /* UUID.cpp in Sources */,
				BB21585B13E10366004CF889 /* stdafx.cpp in Sources */,
			);
			runOnlyForDeploymentPostprocessing = 0;
		};
/* End PBXSourcesBuildPhase section */

/* Begin PBXVariantGroup section */
		0867D6AAFE840B52C02AAC07 /* InfoPlist.strings */ = {
			isa = PBXVariantGroup;
			children = (
				0867D6ABFE840B52C02AAC07 /* English */,
			);
			name = InfoPlist.strings;
			sourceTree = "<group>";
		};
/* End PBXVariantGroup section */

/* Begin XCBuildConfiguration section */
		BB21586013E10366004CF889 /* Debug */ = {
			isa = XCBuildConfiguration;
			buildSettings = {
				ALWAYS_SEARCH_USER_PATHS = YES;
				ARCHS = "$(ARCHS_STANDARD_32_BIT)";
				CONFIGURATION_BUILD_DIR = .;
				COPY_PHASE_STRIP = NO;
				FRAMEWORK_SEARCH_PATHS = (
					"$(inherited)",
					"\"$(SRCROOT)/../../../develop/global/lib/release\"",
				);
				GCC_DYNAMIC_NO_PIC = NO;
				GCC_ENABLE_FIX_AND_CONTINUE = YES;
				GCC_MODEL_TUNING = G5;
				GCC_OPTIMIZATION_LEVEL = 0;
				GCC_PRECOMPILE_PREFIX_HEADER = YES;
				GCC_PREFIX_HEADER = UUID_Prefix.pch;
				GCC_PREPROCESSOR_DEFINITIONS = DWFCORE_EXPORT_API;
				GCC_SYMBOLS_PRIVATE_EXTERN = NO;
				GCC_VERSION = 4.2;
				HEADER_SEARCH_PATHS = (
					"$(inherited)",
					../../../develop/global/src,
				);
				INFOPLIST_FILE = Info.plist;
				INSTALL_PATH = "$(HOME)/Applications";
				LD_RUNPATH_SEARCH_PATHS = "@executable_path/../Frameworks";
				LIBRARY_SEARCH_PATHS = (
					"$(inherited)",
					"\"$(SRCROOT)/../../../develop/global/lib/$(CONFIGURATION)\"",
				);
				PRODUCT_NAME = UUID_Share;
				SDKROOT = macosx;
			};
			name = Debug;
		};
		BB21586113E10366004CF889 /* Release */ = {
			isa = XCBuildConfiguration;
			buildSettings = {
				ALWAYS_SEARCH_USER_PATHS = YES;
				ARCHS = "$(ARCHS_STANDARD_32_BIT)";
				CONFIGURATION_BUILD_DIR = .;
				DEBUG_INFORMATION_FORMAT = "dwarf-with-dsym";
				FRAMEWORK_SEARCH_PATHS = (
					"$(inherited)",
					"\"$(SRCROOT)/../../../develop/global/lib/release\"",
				);
				GCC_MODEL_TUNING = G5;
				GCC_PRECOMPILE_PREFIX_HEADER = YES;
				GCC_PREFIX_HEADER = UUID_Prefix.pch;
				GCC_PREPROCESSOR_DEFINITIONS = DWFCORE_EXPORT_API;
				GCC_SYMBOLS_PRIVATE_EXTERN = NO;
				GCC_VERSION = 4.2;
				HEADER_SEARCH_PATHS = (
					"$(inherited)",
					../../../develop/global/src,
				);
				INFOPLIST_FILE = Info.plist;
				INSTALL_PATH = "$(HOME)/Applications";
				LD_RUNPATH_SEARCH_PATHS = "@executable_path/../Frameworks";
				LIBRARY_SEARCH_PATHS = (
					"$(inherited)",
					"\"$(SRCROOT)/../../../develop/global/lib/$(CONFIGURATION)\"",
				);
				PRODUCT_NAME = UUID_Share;
				SDKROOT = macosx;
			};
			name = Release;
		};
		C0E91AC608A95435008D54AB /* Debug */ = {
			isa = XCBuildConfiguration;
			buildSettings = {
				ALWAYS_SEARCH_USER_PATHS = YES;
				ARCHS = "$(ARCHS_STANDARD_32_BIT)";
				CONFIGURATION_BUILD_DIR = .;
				COPY_PHASE_STRIP = NO;
				GCC_DYNAMIC_NO_PIC = NO;
				GCC_ENABLE_FIX_AND_CONTINUE = YES;
				GCC_MODEL_TUNING = G5;
				GCC_OPTIMIZATION_LEVEL = 0;
				GCC_PRECOMPILE_PREFIX_HEADER = YES;
				GCC_PREFIX_HEADER = UUID_Prefix.pch;
				GCC_SYMBOLS_PRIVATE_EXTERN = NO;
				GCC_VERSION = 4.2;
				HEADER_SEARCH_PATHS = (
					"$(inherited)",
					../../../develop/global/src,
				);
				INFOPLIST_FILE = Info.plist;
				INSTALL_PATH = "$(HOME)/Applications";
				LIBRARY_SEARCH_PATHS = (
					"$(inherited)",
					"\"$(SRCROOT)/../../../develop/global/lib/$(CONFIGURATION)\"",
				);
				PRODUCT_NAME = UUID_Static;
				SDKROOT = macosx;
			};
			name = Debug;
		};
		C0E91AC708A95435008D54AB /* Release */ = {
			isa = XCBuildConfiguration;
			buildSettings = {
				ALWAYS_SEARCH_USER_PATHS = YES;
				ARCHS = "$(ARCHS_STANDARD_32_BIT)";
				CONFIGURATION_BUILD_DIR = .;
				DEBUG_INFORMATION_FORMAT = "dwarf-with-dsym";
				GCC_MODEL_TUNING = G5;
				GCC_PRECOMPILE_PREFIX_HEADER = YES;
				GCC_PREFIX_HEADER = UUID_Prefix.pch;
				GCC_PREPROCESSOR_DEFINITIONS = (
					"$(inherited)",
					DWFCORE_STATIC,
					DWFCORE_BUILD_ZLIB,
				);
				GCC_SYMBOLS_PRIVATE_EXTERN = NO;
				GCC_VERSION = 4.2;
				HEADER_SEARCH_PATHS = (
					"$(inherited)",
					../../../develop/global/src,
				);
				INFOPLIST_FILE = Info.plist;
				INSTALL_PATH = "$(HOME)/Applications";
				LIBRARY_SEARCH_PATHS = (
					"$(inherited)",
					"\"$(SRCROOT)/../../../develop/global/lib/$(CONFIGURATION)\"",
				);
				PRODUCT_NAME = UUID_Static;
				SDKROOT = macosx;
			};
			name = Release;
		};
		C0E91ACA08A95435008D54AB /* Debug */ = {
			isa = XCBuildConfiguration;
			buildSettings = {
				ARCHS = "$(ARCHS_STANDARD_32_BIT)";
				GCC_C_LANGUAGE_STANDARD = c99;
				GCC_OPTIMIZATION_LEVEL = 0;
				GCC_WARN_ABOUT_RETURN_TYPE = YES;
				GCC_WARN_UNUSED_VARIABLE = YES;
				ONLY_ACTIVE_ARCH = YES;
				PREBINDING = NO;
				SDKROOT = macosx10.5;
			};
			name = Debug;
		};
		C0E91ACB08A95435008D54AB /* Release */ = {
			isa = XCBuildConfiguration;
			buildSettings = {
				ARCHS = "$(ARCHS_STANDARD_32_BIT)";
				GCC_C_LANGUAGE_STANDARD = c99;
				GCC_WARN_ABOUT_RETURN_TYPE = YES;
				GCC_WARN_UNUSED_VARIABLE = YES;
				PREBINDING = NO;
				SDKROOT = macosx10.5;
			};
			name = Release;
		};
/* End XCBuildConfiguration section */

/* Begin XCConfigurationList section */
		BB21585F13E10366004CF889 /* Build configuration list for PBXNativeTarget "UUID_Share" */ = {
			isa = XCConfigurationList;
			buildConfigurations = (
				BB21586013E10366004CF889 /* Debug */,
				BB21586113E10366004CF889 /* Release */,
			);
			defaultConfigurationIsVisible = 0;
			defaultConfigurationName = Release;
		};
		C0E91AC508A95435008D54AB /* Build configuration list for PBXNativeTarget "UUID_Static" */ = {
			isa = XCConfigurationList;
			buildConfigurations = (
				C0E91AC608A95435008D54AB /* Debug */,
				C0E91AC708A95435008D54AB /* Release */,
			);
			defaultConfigurationIsVisible = 0;
			defaultConfigurationName = Release;
		};
		C0E91AC908A95435008D54AB /* Build configuration list for PBXProject "UUID" */ = {
			isa = XCConfigurationList;
			buildConfigurations = (
				C0E91ACA08A95435008D54AB /* Debug */,
				C0E91ACB08A95435008D54AB /* Release */,
			);
			defaultConfigurationIsVisible = 0;
			defaultConfigurationName = Release;
		};
/* End XCConfigurationList section */
	};
	rootObject = 20286C28FDCF999611CA2CEA /* Project object */;
}
